Microsoft Visual Studio Solution File, Format Version 12.00
# Visual Studio Version 17
VisualStudioVersion = 17.5.2.0
MinimumVisualStudioVersion = 10.0.40219.1
Project("{FAE04EC0-301F-11D3-BF4B-00C04F79EFBC}") = "SongTrackingApi", "SongTrackingApi.csproj", "{B65BF4F7-D1EB-E5D5-E350-E7E832D8444F}"
EndProject
Global
	GlobalSection(SolutionConfigurationPlatforms) = preSolution
		Debug|Any CPU = Debug|Any CPU
		Release|Any CPU = Release|Any CPU
	EndGlobalSection
	GlobalSection(ProjectConfigurationPlatforms) = postSolution
		{B65BF4F7-D1EB-E5D5-E350-E7E832D8444F}.Debug|Any CPU.ActiveCfg = Debug|Any CPU
		{B65BF4F7-D1EB-E5D5-E350-E7E832D8444F}.Debug|Any CPU.Build.0 = Debug|Any CPU
		{B65BF4F7-D1EB-E5D5-E350-E7E832D8444F}.Release|Any CPU.ActiveCfg = Release|Any CPU
		{B65BF4F7-D1EB-E5D5-E350-E7E832D8444F}.Release|Any CPU.Build.0 = Release|Any CPU
	EndGlobalSection
	GlobalSection(SolutionProperties) = preSolution
		HideSolutionNode = FALSE
	EndGlobalSection
	GlobalSection(ExtensibilityGlobals) = postSolution
		SolutionGuid = {3AA33E6C-968F-4572-AFBF-8AC3BEB8D288}
	EndGlobalSection
EndGlobal
